
Microsoft Visual Studio Solution File, Format Version 12.00
# Visual Studio Version 16
VisualStudioVersion = 16.0.29215.179
MinimumVisualStudioVersion = 10.0.40219.1
Project("{FAE04EC0-301F-11D3-BF4B-00C04F79EFBC}") = "Zoo", "Zoo\Zoo.csproj", "{B8781F32-C01F-47AB-B9E1-453F1AFA15E9}"
EndProject
Project("{FAE04EC0-301F-11D3-BF4B-00C04F79EFBC}") = "Zoo.GenericUserInterface", "Zoo.GenericUserInterface\Zoo.GenericUserInterface.csproj", "{E1A7772C-49FD-4755-A3EC-19643AE32B9C}"
EndProject
Global
	GlobalSection(SolutionConfigurationPlatforms) = preSolution
		Debug|Any CPU = Debug|Any CPU
		Release|Any CPU = Release|Any CPU
	EndGlobalSection
	GlobalSection(ProjectConfigurationPlatforms) = postSolution
		{B8781F32-C01F-47AB-B9E1-453F1AFA15E9}.Debug|Any CPU.ActiveCfg = Debug|Any CPU
		{B8781F32-C01F-47AB-B9E1-453F1AFA15E9}.Debug|Any CPU.Build.0 = Debug|Any CPU
		{B8781F32-C01F-47AB-B9E1-453F1AFA15E9}.Release|Any CPU.ActiveCfg = Release|Any CPU
		{B8781F32-C01F-47AB-B9E1-453F1AFA15E9}.Release|Any CPU.Build.0 = Release|Any CPU
		{E1A7772C-49FD-4755-A3EC-19643AE32B9C}.Debug|Any CPU.ActiveCfg = Debug|Any CPU
		{E1A7772C-49FD-4755-A3EC-19643AE32B9C}.Debug|Any CPU.Build.0 = Debug|Any CPU
		{E1A7772C-49FD-4755-A3EC-19643AE32B9C}.Release|Any CPU.ActiveCfg = Release|Any CPU
		{E1A7772C-49FD-4755-A3EC-19643AE32B9C}.Release|Any CPU.Build.0 = Release|Any CPU
	EndGlobalSection
	GlobalSection(SolutionProperties) = preSolution
		HideSolutionNode = FALSE
	EndGlobalSection
	GlobalSection(ExtensibilityGlobals) = postSolution
		SolutionGuid = {81837350-8A17-4808-B728-61E590331448}
	EndGlobalSection
EndGlobal
