
Microsoft Visual Studio Solution File, Format Version 12.00
# Visual Studio Version 16
VisualStudioVersion = 16.0.29215.179
MinimumVisualStudioVersion = 10.0.40219.1
Project("{9A19103F-16F7-4668-BE54-9A1E7A4F7556}") = "Zoo.GenericUserInterface", "Zoo.GenericUserInterface\Zoo.GenericUserInterface.csproj", "{E1A7772C-49FD-4755-A3EC-19643AE32B9C}"
EndProject
Project("{9A19103F-16F7-4668-BE54-9A1E7A4F7556}") = "Zoo.GenericUserInterface.Tests", "..\Zoo.GenericUserInterface.Tests\Zoo.GenericUserInterface.Tests.csproj", "{B5000847-8FB2-4055-828B-410F134CE91D}"
EndProject
Project("{9A19103F-16F7-4668-BE54-9A1E7A4F7556}") = "Zoo.ServerJs", "Zoo.ServerJs\Zoo.ServerJs.csproj", "{3AAAFDDE-F281-4819-8ED1-983DB852E294}"
EndProject
Project("{9A19103F-16F7-4668-BE54-9A1E7A4F7556}") = "Zoo.ServerJs.Tests", "Zoo.ServerJs.Tests\Zoo.ServerJs.Tests.csproj", "{E8084A07-DD70-4D34-99E7-1FAC97FBE59C}"
EndProject
Project("{2150E333-8FDC-42A3-9474-1A3956D46DE8}") = "Clt", "Clt", "{04E7CD5E-C70A-4373-A97E-B0D207363C2D}"
EndProject
Project("{9A19103F-16F7-4668-BE54-9A1E7A4F7556}") = "Clt.Contract", "Clt\Clt.Contract\Clt.Contract.csproj", "{CA2EEE14-E997-4D8E-870F-6C0881F2568F}"
EndProject
Project("{9A19103F-16F7-4668-BE54-9A1E7A4F7556}") = "Clt.Logic", "Clt\Clt.Logic\Clt.Logic.csproj", "{6E4D4B00-8F58-47F5-9F37-9998D0D1438B}"
EndProject
Project("{9A19103F-16F7-4668-BE54-9A1E7A4F7556}") = "Clt.Logic.Core", "Clt\Clt.Logic.Core\Clt.Logic.Core.csproj", "{F03882D2-6CEC-4FB4-95C4-A9BBF46AEBA8}"
EndProject
Project("{9A19103F-16F7-4668-BE54-9A1E7A4F7556}") = "Clt.Model", "Clt\Clt.Model\Clt.Model.csproj", "{40F667BF-B444-49E3-BE00-E32C0820C149}"
EndProject
Project("{2150E333-8FDC-42A3-9474-1A3956D46DE8}") = "Tms", "Tms", "{ED6AFF3B-D676-44B8-9CDE-CBDFC04957E3}"
EndProject
Project("{9A19103F-16F7-4668-BE54-9A1E7A4F7556}") = "Tms.Logic", "Tms\Tms.Logic\Tms.Logic.csproj", "{12A848A0-C70B-4CAA-878E-B561B157DE87}"
EndProject
Project("{9A19103F-16F7-4668-BE54-9A1E7A4F7556}") = "Tms.Model", "Tms\Tms.Model\Tms.Model.csproj", "{102EC557-FA5C-4E3D-92C8-EC515A9A31D2}"
EndProject
Project("{2150E333-8FDC-42A3-9474-1A3956D46DE8}") = "Doc", "Doc", "{CEEEA3A7-C117-42E4-BAD4-095A0AA2A34C}"
EndProject
Project("{9A19103F-16F7-4668-BE54-9A1E7A4F7556}") = "Doc.Logic", "Doc\Doc.Logic\Doc.Logic.csproj", "{7F43A5F3-668A-4A2F-B5DB-23C3BDD71F11}"
EndProject
Project("{2150E333-8FDC-42A3-9474-1A3956D46DE8}") = "Ecc", "Ecc", "{B64CC826-FC31-4C56-B021-E579267165F4}"
EndProject
Project("{9A19103F-16F7-4668-BE54-9A1E7A4F7556}") = "Ecc.Common", "Ecc\Ecc.Common\Ecc.Common.csproj", "{DF5AFF11-15D5-41A4-BB5C-95EEE7014F58}"
EndProject
Project("{9A19103F-16F7-4668-BE54-9A1E7A4F7556}") = "Ecc.Contract", "Ecc\Ecc.Contract\Ecc.Contract.csproj", "{88755AF6-B2A6-4876-B7F5-508AE8BF94B6}"
EndProject
Project("{9A19103F-16F7-4668-BE54-9A1E7A4F7556}") = "Ecc.Logic", "Ecc\Ecc.Logic\Ecc.Logic.csproj", "{5BFE15A7-83F1-436C-861E-E3AF9A0DC685}"
EndProject
Project("{9A19103F-16F7-4668-BE54-9A1E7A4F7556}") = "Ecc.Model", "Ecc\Ecc.Model\Ecc.Model.csproj", "{704C3268-26DF-4932-B1D8-EE1221E9BFDC}"
EndProject
Global
	GlobalSection(SolutionConfigurationPlatforms) = preSolution
		Debug|Any CPU = Debug|Any CPU
		Release|Any CPU = Release|Any CPU
	EndGlobalSection
	GlobalSection(ProjectConfigurationPlatforms) = postSolution
		{E1A7772C-49FD-4755-A3EC-19643AE32B9C}.Debug|Any CPU.ActiveCfg = Debug|Any CPU
		{E1A7772C-49FD-4755-A3EC-19643AE32B9C}.Debug|Any CPU.Build.0 = Debug|Any CPU
		{E1A7772C-49FD-4755-A3EC-19643AE32B9C}.Release|Any CPU.ActiveCfg = Release|Any CPU
		{E1A7772C-49FD-4755-A3EC-19643AE32B9C}.Release|Any CPU.Build.0 = Release|Any CPU
		{B5000847-8FB2-4055-828B-410F134CE91D}.Debug|Any CPU.ActiveCfg = Debug|Any CPU
		{B5000847-8FB2-4055-828B-410F134CE91D}.Debug|Any CPU.Build.0 = Debug|Any CPU
		{B5000847-8FB2-4055-828B-410F134CE91D}.Release|Any CPU.ActiveCfg = Release|Any CPU
		{B5000847-8FB2-4055-828B-410F134CE91D}.Release|Any CPU.Build.0 = Release|Any CPU
		{3AAAFDDE-F281-4819-8ED1-983DB852E294}.Debug|Any CPU.ActiveCfg = Debug|Any CPU
		{3AAAFDDE-F281-4819-8ED1-983DB852E294}.Debug|Any CPU.Build.0 = Debug|Any CPU
		{3AAAFDDE-F281-4819-8ED1-983DB852E294}.Release|Any CPU.ActiveCfg = Release|Any CPU
		{3AAAFDDE-F281-4819-8ED1-983DB852E294}.Release|Any CPU.Build.0 = Release|Any CPU
		{E8084A07-DD70-4D34-99E7-1FAC97FBE59C}.Debug|Any CPU.ActiveCfg = Debug|Any CPU
		{E8084A07-DD70-4D34-99E7-1FAC97FBE59C}.Debug|Any CPU.Build.0 = Debug|Any CPU
		{E8084A07-DD70-4D34-99E7-1FAC97FBE59C}.Release|Any CPU.ActiveCfg = Release|Any CPU
		{E8084A07-DD70-4D34-99E7-1FAC97FBE59C}.Release|Any CPU.Build.0 = Release|Any CPU
		{CA2EEE14-E997-4D8E-870F-6C0881F2568F}.Debug|Any CPU.ActiveCfg = Debug|Any CPU
		{CA2EEE14-E997-4D8E-870F-6C0881F2568F}.Debug|Any CPU.Build.0 = Debug|Any CPU
		{CA2EEE14-E997-4D8E-870F-6C0881F2568F}.Release|Any CPU.ActiveCfg = Release|Any CPU
		{CA2EEE14-E997-4D8E-870F-6C0881F2568F}.Release|Any CPU.Build.0 = Release|Any CPU
		{6E4D4B00-8F58-47F5-9F37-9998D0D1438B}.Debug|Any CPU.ActiveCfg = Debug|Any CPU
		{6E4D4B00-8F58-47F5-9F37-9998D0D1438B}.Debug|Any CPU.Build.0 = Debug|Any CPU
		{6E4D4B00-8F58-47F5-9F37-9998D0D1438B}.Release|Any CPU.ActiveCfg = Release|Any CPU
		{6E4D4B00-8F58-47F5-9F37-9998D0D1438B}.Release|Any CPU.Build.0 = Release|Any CPU
		{F03882D2-6CEC-4FB4-95C4-A9BBF46AEBA8}.Debug|Any CPU.ActiveCfg = Debug|Any CPU
		{F03882D2-6CEC-4FB4-95C4-A9BBF46AEBA8}.Debug|Any CPU.Build.0 = Debug|Any CPU
		{F03882D2-6CEC-4FB4-95C4-A9BBF46AEBA8}.Release|Any CPU.ActiveCfg = Release|Any CPU
		{F03882D2-6CEC-4FB4-95C4-A9BBF46AEBA8}.Release|Any CPU.Build.0 = Release|Any CPU
		{40F667BF-B444-49E3-BE00-E32C0820C149}.Debug|Any CPU.ActiveCfg = Debug|Any CPU
		{40F667BF-B444-49E3-BE00-E32C0820C149}.Debug|Any CPU.Build.0 = Debug|Any CPU
		{40F667BF-B444-49E3-BE00-E32C0820C149}.Release|Any CPU.ActiveCfg = Release|Any CPU
		{40F667BF-B444-49E3-BE00-E32C0820C149}.Release|Any CPU.Build.0 = Release|Any CPU
		{12A848A0-C70B-4CAA-878E-B561B157DE87}.Debug|Any CPU.ActiveCfg = Debug|Any CPU
		{12A848A0-C70B-4CAA-878E-B561B157DE87}.Debug|Any CPU.Build.0 = Debug|Any CPU
		{12A848A0-C70B-4CAA-878E-B561B157DE87}.Release|Any CPU.ActiveCfg = Release|Any CPU
		{12A848A0-C70B-4CAA-878E-B561B157DE87}.Release|Any CPU.Build.0 = Release|Any CPU
		{102EC557-FA5C-4E3D-92C8-EC515A9A31D2}.Debug|Any CPU.ActiveCfg = Debug|Any CPU
		{102EC557-FA5C-4E3D-92C8-EC515A9A31D2}.Debug|Any CPU.Build.0 = Debug|Any CPU
		{102EC557-FA5C-4E3D-92C8-EC515A9A31D2}.Release|Any CPU.ActiveCfg = Release|Any CPU
		{102EC557-FA5C-4E3D-92C8-EC515A9A31D2}.Release|Any CPU.Build.0 = Release|Any CPU
		{7F43A5F3-668A-4A2F-B5DB-23C3BDD71F11}.Debug|Any CPU.ActiveCfg = Debug|Any CPU
		{7F43A5F3-668A-4A2F-B5DB-23C3BDD71F11}.Debug|Any CPU.Build.0 = Debug|Any CPU
		{7F43A5F3-668A-4A2F-B5DB-23C3BDD71F11}.Release|Any CPU.ActiveCfg = Release|Any CPU
		{7F43A5F3-668A-4A2F-B5DB-23C3BDD71F11}.Release|Any CPU.Build.0 = Release|Any CPU
		{DF5AFF11-15D5-41A4-BB5C-95EEE7014F58}.Debug|Any CPU.ActiveCfg = Debug|Any CPU
		{DF5AFF11-15D5-41A4-BB5C-95EEE7014F58}.Debug|Any CPU.Build.0 = Debug|Any CPU
		{DF5AFF11-15D5-41A4-BB5C-95EEE7014F58}.Release|Any CPU.ActiveCfg = Release|Any CPU
		{DF5AFF11-15D5-41A4-BB5C-95EEE7014F58}.Release|Any CPU.Build.0 = Release|Any CPU
		{88755AF6-B2A6-4876-B7F5-508AE8BF94B6}.Debug|Any CPU.ActiveCfg = Debug|Any CPU
		{88755AF6-B2A6-4876-B7F5-508AE8BF94B6}.Debug|Any CPU.Build.0 = Debug|Any CPU
		{88755AF6-B2A6-4876-B7F5-508AE8BF94B6}.Release|Any CPU.ActiveCfg = Release|Any CPU
		{88755AF6-B2A6-4876-B7F5-508AE8BF94B6}.Release|Any CPU.Build.0 = Release|Any CPU
		{5BFE15A7-83F1-436C-861E-E3AF9A0DC685}.Debug|Any CPU.ActiveCfg = Debug|Any CPU
		{5BFE15A7-83F1-436C-861E-E3AF9A0DC685}.Debug|Any CPU.Build.0 = Debug|Any CPU
		{5BFE15A7-83F1-436C-861E-E3AF9A0DC685}.Release|Any CPU.ActiveCfg = Release|Any CPU
		{5BFE15A7-83F1-436C-861E-E3AF9A0DC685}.Release|Any CPU.Build.0 = Release|Any CPU
		{704C3268-26DF-4932-B1D8-EE1221E9BFDC}.Debug|Any CPU.ActiveCfg = Debug|Any CPU
		{704C3268-26DF-4932-B1D8-EE1221E9BFDC}.Debug|Any CPU.Build.0 = Debug|Any CPU
		{704C3268-26DF-4932-B1D8-EE1221E9BFDC}.Release|Any CPU.ActiveCfg = Release|Any CPU
		{704C3268-26DF-4932-B1D8-EE1221E9BFDC}.Release|Any CPU.Build.0 = Release|Any CPU
	EndGlobalSection
	GlobalSection(SolutionProperties) = preSolution
		HideSolutionNode = FALSE
	EndGlobalSection
	GlobalSection(NestedProjects) = preSolution
		{CA2EEE14-E997-4D8E-870F-6C0881F2568F} = {04E7CD5E-C70A-4373-A97E-B0D207363C2D}
		{6E4D4B00-8F58-47F5-9F37-9998D0D1438B} = {04E7CD5E-C70A-4373-A97E-B0D207363C2D}
		{F03882D2-6CEC-4FB4-95C4-A9BBF46AEBA8} = {04E7CD5E-C70A-4373-A97E-B0D207363C2D}
		{40F667BF-B444-49E3-BE00-E32C0820C149} = {04E7CD5E-C70A-4373-A97E-B0D207363C2D}
		{12A848A0-C70B-4CAA-878E-B561B157DE87} = {ED6AFF3B-D676-44B8-9CDE-CBDFC04957E3}
		{102EC557-FA5C-4E3D-92C8-EC515A9A31D2} = {ED6AFF3B-D676-44B8-9CDE-CBDFC04957E3}
		{7F43A5F3-668A-4A2F-B5DB-23C3BDD71F11} = {CEEEA3A7-C117-42E4-BAD4-095A0AA2A34C}
		{DF5AFF11-15D5-41A4-BB5C-95EEE7014F58} = {B64CC826-FC31-4C56-B021-E579267165F4}
		{88755AF6-B2A6-4876-B7F5-508AE8BF94B6} = {B64CC826-FC31-4C56-B021-E579267165F4}
		{5BFE15A7-83F1-436C-861E-E3AF9A0DC685} = {B64CC826-FC31-4C56-B021-E579267165F4}
		{704C3268-26DF-4932-B1D8-EE1221E9BFDC} = {B64CC826-FC31-4C56-B021-E579267165F4}
	EndGlobalSection
	GlobalSection(ExtensibilityGlobals) = postSolution
		SolutionGuid = {81837350-8A17-4808-B728-61E590331448}
	EndGlobalSection
EndGlobal
